
Microsoft Visual Studio Solution File, Format Version 12.00
# Visual Studio 2012
Project("{FAE04EC0-301F-11D3-BF4B-00C04F79EFBC}") = "NotePad", "NotePad\NotePad.csproj", "{96F967B2-D3B3-4E45-B33F-3F548A646A5B}"
EndProject
Global
	GlobalSection(SolutionConfigurationPlatforms) = preSolution
		Debug|Any CPU = Debug|Any CPU
		Release|Any CPU = Release|Any CPU
	EndGlobalSection
	GlobalSection(ProjectConfigurationPlatforms) = postSolution
		{96F967B2-D3B3-4E45-B33F-3F548A646A5B}.Debug|Any CPU.ActiveCfg = Debug|Any CPU
		{96F967B2-D3B3-4E45-B33F-3F548A646A5B}.Debug|Any CPU.Build.0 = Debug|Any CPU
		{96F967B2-D3B3-4E45-B33F-3F548A646A5B}.Release|Any CPU.ActiveCfg = Release|Any CPU
		{96F967B2-D3B3-4E45-B33F-3F548A646A5B}.Release|Any CPU.Build.0 = Release|Any CPU
	EndGlobalSection
	GlobalSection(SolutionProperties) = preSolution
		HideSolutionNode = FALSE
	EndGlobalSection
EndGlobal
